
Microsoft Visual Studio Solution File, Format Version 12.00
# Visual Studio 15
VisualStudioVersion = 15.0.28010.2046
MinimumVisualStudioVersion = 10.0.40219.1
Project("{8BC9CEB8-8B4A-11D0-8D11-00A0C91BC942}") = "Final~C++2", "Final~C++2\Final~C++2.vcxproj", "{37C594D3-88A0-4420-BF0D-79911C186C06}"
EndProject
Global
	GlobalSection(SolutionConfigurationPlatforms) = preSolution
		Debug|x64 = Debug|x64
		Debug|x86 = Debug|x86
		Release|x64 = Release|x64
		Release|x86 = Release|x86
	EndGlobalSection
	GlobalSection(ProjectConfigurationPlatforms) = postSolution
		{37C594D3-88A0-4420-BF0D-79911C186C06}.Debug|x64.ActiveCfg = Debug|x64
		{37C594D3-88A0-4420-BF0D-79911C186C06}.Debug|x64.Build.0 = Debug|x64
		{37C594D3-88A0-4420-BF0D-79911C186C06}.Debug|x86.ActiveCfg = Debug|Win32
		{37C594D3-88A0-4420-BF0D-79911C186C06}.Debug|x86.Build.0 = Debug|Win32
		{37C594D3-88A0-4420-BF0D-79911C186C06}.Release|x64.ActiveCfg = Release|x64
		{37C594D3-88A0-4420-BF0D-79911C186C06}.Release|x64.Build.0 = Release|x64
		{37C594D3-88A0-4420-BF0D-79911C186C06}.Release|x86.ActiveCfg = Release|Win32
		{37C594D3-88A0-4420-BF0D-79911C186C06}.Release|x86.Build.0 = Release|Win32
	EndGlobalSection
	GlobalSection(SolutionProperties) = preSolution
		HideSolutionNode = FALSE
	EndGlobalSection
	GlobalSection(ExtensibilityGlobals) = postSolution
		SolutionGuid = {C2641864-AC3A-4678-A136-9B4C6F92493C}
	EndGlobalSection
EndGlobal
